
Microsoft Visual Studio Solution File, Format Version 12.00
# Visual Studio Version 16
VisualStudioVersion = 16.0.29411.108
MinimumVisualStudioVersion = 10.0.40219.1
Project("{FAE04EC0-301F-11D3-BF4B-00C04F79EFBC}") = "FindSandbox", "FindSandbox\FindSandbox.csproj", "{3C542595-37A1-4CA0-B4B9-BBB9B39ED6F1}"
EndProject
Global
	GlobalSection(SolutionConfigurationPlatforms) = preSolution
		Debug|Any CPU = Debug|Any CPU
		Release|Any CPU = Release|Any CPU
	EndGlobalSection
	GlobalSection(ProjectConfigurationPlatforms) = postSolution
		{3C542595-37A1-4CA0-B4B9-BBB9B39ED6F1}.Debug|Any CPU.ActiveCfg = Debug|Any CPU
		{3C542595-37A1-4CA0-B4B9-BBB9B39ED6F1}.Debug|Any CPU.Build.0 = Debug|Any CPU
		{3C542595-37A1-4CA0-B4B9-BBB9B39ED6F1}.Release|Any CPU.ActiveCfg = Release|Any CPU
		{3C542595-37A1-4CA0-B4B9-BBB9B39ED6F1}.Release|Any CPU.Build.0 = Release|Any CPU
	EndGlobalSection
	GlobalSection(SolutionProperties) = preSolution
		HideSolutionNode = FALSE
	EndGlobalSection
	GlobalSection(ExtensibilityGlobals) = postSolution
		SolutionGuid = {554B43C4-7EE0-4646-8DBE-EA39DD51C4CB}
	EndGlobalSection
EndGlobal
